
Microsoft Visual Studio Solution File, Format Version 12.00
# Visual Studio Version 17
VisualStudioVersion = 17.2.32505.173
MinimumVisualStudioVersion = 10.0.40219.1
Project("{9A19103F-16F7-4668-BE54-9A1E7A4F7556}") = "Undersoft.ODP", "Undersoft.ODP\src\Undersoft.ODP\Undersoft.ODP.csproj", "{5186B660-A88F-448F-BF00-A096C2FE921D}"
EndProject
Project("{2150E333-8FDC-42A3-9474-1A3956D46DE8}") = "Undersoft.ODP", "Undersoft.ODP", "{E7586BF7-B49D-458B-8735-270A551C9E4D}"
EndProject
Project("{9A19103F-16F7-4668-BE54-9A1E7A4F7556}") = "Undersoft.SDK", "Undersoft.SDK\src\Undersoft.SDK\Undersoft.SDK.csproj", "{A5F32BC0-55E3-4CEB-83E4-5B5973760BE0}"
EndProject
Project("{2150E333-8FDC-42A3-9474-1A3956D46DE8}") = "Undersoft.SDK", "Undersoft.SDK", "{A5184BFB-B461-4C2B-8C41-61A674BC7DA8}"
EndProject
Project("{9A19103F-16F7-4668-BE54-9A1E7A4F7556}") = "Undersoft.SDK.Benchmarks", "Undersoft.SDK\qa\Undersoft.SDK.Benchmarks\Undersoft.SDK.Benchmarks.csproj", "{D06ABBAA-4820-4577-8B9F-5D6B2DE96293}"
EndProject
Project("{9A19103F-16F7-4668-BE54-9A1E7A4F7556}") = "Undersoft.SDK.Tests", "Undersoft.SDK\qa\Undersoft.SDK.Tests\Undersoft.SDK.Tests.csproj", "{61DA1E60-A92A-4824-982D-0B05D63C2ECE}"
EndProject
Project("{2150E333-8FDC-42A3-9474-1A3956D46DE8}") = "Undersoft.IDP", "Undersoft.IDP", "{EA04D4EF-078C-4C49-800D-EAA1E77428FC}"
EndProject
Project("{2150E333-8FDC-42A3-9474-1A3956D46DE8}") = "Undersoft.IDP.STS", "Undersoft.IDP.STS", "{63D44665-AC4C-45F4-A2C7-A7DB394F44C4}"
EndProject
Project("{9A19103F-16F7-4668-BE54-9A1E7A4F7556}") = "Undersoft.IDP.Admin.EntityFramework", "Undersoft.IDP\src\Undersoft.IDP.Admin.EntityFramework\Undersoft.IDP.Admin.EntityFramework.csproj", "{D9F5B8B1-01F5-4996-8E75-A41532CF32CD}"
EndProject
Project("{9A19103F-16F7-4668-BE54-9A1E7A4F7556}") = "Undersoft.IDP.Admin.BusinessLogic", "Undersoft.IDP\src\Undersoft.IDP.Admin.BusinessLogic\Undersoft.IDP.Admin.BusinessLogic.csproj", "{491B30A8-D4A1-42E8-8DEE-4093E0E45C36}"
EndProject
Project("{9A19103F-16F7-4668-BE54-9A1E7A4F7556}") = "Undersoft.IDP.STS.Identity", "Undersoft.IDP\src\Undersoft.IDP.STS.Identity\Undersoft.IDP.STS.Identity.csproj", "{72F17B1A-88D9-47FD-AA35-1C700E51CD0E}"
EndProject
Project("{9A19103F-16F7-4668-BE54-9A1E7A4F7556}") = "Undersoft.IDP.Admin.EntityFramework.Identity", "Undersoft.IDP\src\Undersoft.IDP.Admin.EntityFramework.Identity\Undersoft.IDP.Admin.EntityFramework.Identity.csproj", "{2FAECDE3-8D21-4C36-BFF1-3F7C1A56F0D4}"
EndProject
Project("{9A19103F-16F7-4668-BE54-9A1E7A4F7556}") = "Undersoft.IDP.Admin.BusinessLogic.Shared", "Undersoft.IDP\src\Undersoft.IDP.Admin.BusinessLogic.Shared\Undersoft.IDP.Admin.BusinessLogic.Shared.csproj", "{C360A0D5-1671-4738-BC5D-BED0E8A24D66}"
EndProject
Project("{9A19103F-16F7-4668-BE54-9A1E7A4F7556}") = "Undersoft.IDP.Admin.BusinessLogic.Identity", "Undersoft.IDP\src\Undersoft.IDP.Admin.BusinessLogic.Identity\Undersoft.IDP.Admin.BusinessLogic.Identity.csproj", "{CA63CC7B-BE27-4737-AE91-42E43F729A1E}"
EndProject
Project("{9A19103F-16F7-4668-BE54-9A1E7A4F7556}") = "Undersoft.IDP.Admin.Api", "Undersoft.IDP\src\Undersoft.IDP.Admin.Api\Undersoft.IDP.Admin.Api.csproj", "{8F112368-2E45-4C3A-922E-85AB6056F559}"
EndProject
Project("{9A19103F-16F7-4668-BE54-9A1E7A4F7556}") = "Undersoft.IDP.Admin.EntityFramework.Shared", "Undersoft.IDP\src\Undersoft.IDP.Admin.EntityFramework.Shared\Undersoft.IDP.Admin.EntityFramework.Shared.csproj", "{E18F8C70-7448-4039-9D78-1369D7F498EF}"
EndProject
Project("{9A19103F-16F7-4668-BE54-9A1E7A4F7556}") = "Undersoft.IDP.Admin.EntityFramework.Extensions", "Undersoft.IDP\src\Undersoft.IDP.Admin.EntityFramework.Extensions\Undersoft.IDP.Admin.EntityFramework.Extensions.csproj", "{2DD3CB7D-462E-4039-B684-81B1E88C7C6A}"
EndProject
Project("{E53339B2-1760-4266-BCC7-CA923CBCF16C}") = "docker-compose", "Undersoft.IDP\docker-compose.dcproj", "{F817047F-018D-4F93-BDA5-58602073B634}"
EndProject
Project("{9A19103F-16F7-4668-BE54-9A1E7A4F7556}") = "Undersoft.IDP.Admin.EntityFramework.SqlServer", "Undersoft.IDP\src\Undersoft.IDP.Admin.EntityFramework.SqlServer\Undersoft.IDP.Admin.EntityFramework.SqlServer.csproj", "{8230366D-81F9-4FA5-8F5D-8546B527F54F}"
EndProject
Project("{9A19103F-16F7-4668-BE54-9A1E7A4F7556}") = "Undersoft.IDP.Admin.EntityFramework.PostgreSQL", "Undersoft.IDP\src\Undersoft.IDP.Admin.EntityFramework.PostgreSQL\Undersoft.IDP.Admin.EntityFramework.PostgreSQL.csproj", "{3ECDC91E-0D3E-4E4D-A34E-D33BB714578D}"
EndProject
Project("{2150E333-8FDC-42A3-9474-1A3956D46DE8}") = "Undersoft.IDP.Admin.EF", "Undersoft.IDP.Admin.EF", "{2A514C8F-6A53-41CA-AB41-B644E7BC92A7}"
EndProject
Project("{2150E333-8FDC-42A3-9474-1A3956D46DE8}") = "Undersoft.IDP.Admin.BussinesLogic", "Undersoft.IDP.Admin.BussinesLogic", "{EE588CE5-51D0-4E98-A2B3-40EC8E655931}"
EndProject
Project("{9A19103F-16F7-4668-BE54-9A1E7A4F7556}") = "Undersoft.IDP.Admin.EntityFramework.MySql", "Undersoft.IDP\src\Undersoft.IDP.Admin.EntityFramework.MySql\Undersoft.IDP.Admin.EntityFramework.MySql.csproj", "{0A8A0DB7-0509-4DFB-9201-74398511B481}"
EndProject
Project("{9A19103F-16F7-4668-BE54-9A1E7A4F7556}") = "Undersoft.IDP.Shared", "Undersoft.IDP\src\Undersoft.IDP.Shared\Undersoft.IDP.Shared.csproj", "{61B285F0-EE06-4AEE-AAF3-71492CBD11C5}"
EndProject
Project("{9A19103F-16F7-4668-BE54-9A1E7A4F7556}") = "Undersoft.IDP.Admin.UI", "Undersoft.IDP\src\Undersoft.IDP.Admin.UI\Undersoft.IDP.Admin.UI.csproj", "{6DD24C2C-0FB5-4C37-8B42-5DACA0FDE4EC}"
EndProject
Project("{9A19103F-16F7-4668-BE54-9A1E7A4F7556}") = "Undersoft.IDP.Admin.EntityFramework.Configuration", "Undersoft.IDP\src\Undersoft.IDP.Admin.EntityFramework.Configuration\Undersoft.IDP.Admin.EntityFramework.Configuration.csproj", "{45FB23BE-A7F9-4172-8868-B5E387007644}"
EndProject
Project("{9A19103F-16F7-4668-BE54-9A1E7A4F7556}") = "Undersoft.IDP.Shared.Configuration", "Undersoft.IDP\src\Undersoft.IDP.Shared.Configuration\Undersoft.IDP.Shared.Configuration.csproj", "{D49A2D61-AEEB-457C-B3BA-D1322EB2F4EC}"
EndProject
Project("{2150E333-8FDC-42A3-9474-1A3956D46DE8}") = "Undersoft.IDP.Audit", "Undersoft.IDP.Audit", "{50C501F4-E9F0-48E9-8C84-C13DD0E52797}"
EndProject
Project("{9A19103F-16F7-4668-BE54-9A1E7A4F7556}") = "Undersoft.IDP.AuditLogging", "Undersoft.IDP\src\Undersoft.IDP.AuditLogging\Undersoft.IDP.AuditLogging.csproj", "{9FE1FA3C-7C50-432C-A8D9-60CFF6B37F48}"
EndProject
Project("{9A19103F-16F7-4668-BE54-9A1E7A4F7556}") = "Undersoft.IDP.AuditLogging.EntityFramework", "Undersoft.IDP\src\Undersoft.IDP.AuditLogging.EntityFramework\Undersoft.IDP.AuditLogging.EntityFramework.csproj", "{DC502BDC-B9CD-4263-8E2F-B6C21A68829F}"
EndProject
Project("{9A19103F-16F7-4668-BE54-9A1E7A4F7556}") = "Undersoft.IDP.AuditLogging.Host", "Undersoft.IDP\src\Undersoft.IDP.AuditLogging.Host\Undersoft.IDP.AuditLogging.Host.csproj", "{3AD367A6-F8D1-45AF-A4AB-A7C8ACE0609C}"
EndProject
Project("{9A19103F-16F7-4668-BE54-9A1E7A4F7556}") = "Undersoft.IDP.Admin", "Undersoft.IDP\src\Undersoft.IDP.Admin\Undersoft.IDP.Admin.csproj", "{2ADCAA3F-937B-4CA3-908B-734492D3BB97}"
EndProject
Project("{2150E333-8FDC-42A3-9474-1A3956D46DE8}") = "Undersoft.IDP.Admin", "Undersoft.IDP.Admin", "{593DD628-99F1-4F09-B9F1-D99316ABED37}"
EndProject
Project("{2150E333-8FDC-42A3-9474-1A3956D46DE8}") = "Undersoft.IDP.Shared", "Undersoft.IDP.Shared", "{23F6D6A6-7BD7-463E-9151-000C71B6CAC9}"
EndProject
Project("{9A19103F-16F7-4668-BE54-9A1E7A4F7556}") = "Undersoft.ODP.Api", "Undersoft.ODP\src\Undersoft.ODP.Api\Undersoft.ODP.Api.csproj", "{6E5A7E09-31A6-4D37-828F-10FC35AEDCEE}"
EndProject
Project("{9A19103F-16F7-4668-BE54-9A1E7A4F7556}") = "Undersoft.ODP.Admin", "Undersoft.ODP\src\Undersoft.ODP.Admin\Undersoft.ODP.Admin.csproj", "{8881DAC6-8C33-450A-B5C4-8D45C51F9ECE}"
EndProject
Project("{9A19103F-16F7-4668-BE54-9A1E7A4F7556}") = "Undersoft.AEP", "Undersoft.AEP\src\Undersoft.AEP\Undersoft.AEP.csproj", "{A77D1EFB-C2EF-4D9B-9EA9-BC83F6B560FA}"
EndProject
Project("{9A19103F-16F7-4668-BE54-9A1E7A4F7556}") = "Undersoft.AEP.Api", "Undersoft.AEP\src\Undersoft.AEP.Api\Undersoft.AEP.Api.csproj", "{A4B0EE89-0A45-4C5D-8CB4-3866D59B03C6}"
EndProject
Project("{9A19103F-16F7-4668-BE54-9A1E7A4F7556}") = "Undersoft.AEP.Tests", "Undersoft.AEP\tests\Undersoft.AEP.Tests\Undersoft.AEP.Tests.csproj", "{A3B95A62-95D5-4673-86F3-D902EF061795}"
EndProject
Project("{2150E333-8FDC-42A3-9474-1A3956D46DE8}") = "Undersoft.AEP", "Undersoft.AEP", "{9C6CD2A3-03DC-4820-AB20-5D8047B3291E}"
EndProject
Project("{9A19103F-16F7-4668-BE54-9A1E7A4F7556}") = "Undersoft.SDK.UltimatR", "Undersoft.SDK\src\Undersoft.SDK.UltimatR\Undersoft.SDK.UltimatR.csproj", "{67B08AA7-F2A5-47FE-8CE5-BC6FAE7464B9}"
EndProject
Project("{9A19103F-16F7-4668-BE54-9A1E7A4F7556}") = "Undersoft.SDK.EstimatR", "Undersoft.SDK\src\Undersoft.SDK.EstimatR\Undersoft.SDK.EstimatR.csproj", "{483CD900-09E1-48B3-AE94-6AABFB1814AC}"
EndProject
Project("{9A19103F-16F7-4668-BE54-9A1E7A4F7556}") = "Undersoft.SDK.PresentR", "Undersoft.SDK\src\Undersoft.SDK.PresentR\Undersoft.SDK.PresentR.csproj", "{2C51CBFF-FE03-4B17-BC39-64AE37BAFCBA}"
EndProject
Project("{2150E333-8FDC-42A3-9474-1A3956D46DE8}") = "Undersoft.SDK.QA", "Undersoft.SDK.QA", "{DE9DF274-44B7-4B55-AF40-A2C4C004C9A0}"
EndProject
Project("{2150E333-8FDC-42A3-9474-1A3956D46DE8}") = "Undersoft.AEP.QA", "Undersoft.AEP.QA", "{945259D8-8139-4006-BC6D-5AEF6296673F}"
EndProject
Global
	GlobalSection(SolutionConfigurationPlatforms) = preSolution
		Debug|Any CPU = Debug|Any CPU
		Debug|x64 = Debug|x64
		Release|Any CPU = Release|Any CPU
		Release|x64 = Release|x64
	EndGlobalSection
	GlobalSection(ProjectConfigurationPlatforms) = postSolution
		{5186B660-A88F-448F-BF00-A096C2FE921D}.Debug|Any CPU.ActiveCfg = Debug|Any CPU
		{5186B660-A88F-448F-BF00-A096C2FE921D}.Debug|Any CPU.Build.0 = Debug|Any CPU
		{5186B660-A88F-448F-BF00-A096C2FE921D}.Debug|x64.ActiveCfg = Debug|Any CPU
		{5186B660-A88F-448F-BF00-A096C2FE921D}.Debug|x64.Build.0 = Debug|Any CPU
		{5186B660-A88F-448F-BF00-A096C2FE921D}.Release|Any CPU.ActiveCfg = Release|Any CPU
		{5186B660-A88F-448F-BF00-A096C2FE921D}.Release|Any CPU.Build.0 = Release|Any CPU
		{5186B660-A88F-448F-BF00-A096C2FE921D}.Release|x64.ActiveCfg = Release|Any CPU
		{5186B660-A88F-448F-BF00-A096C2FE921D}.Release|x64.Build.0 = Release|Any CPU
		{A5F32BC0-55E3-4CEB-83E4-5B5973760BE0}.Debug|Any CPU.ActiveCfg = Debug|Any CPU
		{A5F32BC0-55E3-4CEB-83E4-5B5973760BE0}.Debug|Any CPU.Build.0 = Debug|Any CPU
		{A5F32BC0-55E3-4CEB-83E4-5B5973760BE0}.Debug|x64.ActiveCfg = Debug|Any CPU
		{A5F32BC0-55E3-4CEB-83E4-5B5973760BE0}.Debug|x64.Build.0 = Debug|Any CPU
		{A5F32BC0-55E3-4CEB-83E4-5B5973760BE0}.Release|Any CPU.ActiveCfg = Release|Any CPU
		{A5F32BC0-55E3-4CEB-83E4-5B5973760BE0}.Release|Any CPU.Build.0 = Release|Any CPU
		{A5F32BC0-55E3-4CEB-83E4-5B5973760BE0}.Release|x64.ActiveCfg = Release|Any CPU
		{A5F32BC0-55E3-4CEB-83E4-5B5973760BE0}.Release|x64.Build.0 = Release|Any CPU
		{D06ABBAA-4820-4577-8B9F-5D6B2DE96293}.Debug|Any CPU.ActiveCfg = Debug|Any CPU
		{D06ABBAA-4820-4577-8B9F-5D6B2DE96293}.Debug|Any CPU.Build.0 = Debug|Any CPU
		{D06ABBAA-4820-4577-8B9F-5D6B2DE96293}.Debug|x64.ActiveCfg = Debug|Any CPU
		{D06ABBAA-4820-4577-8B9F-5D6B2DE96293}.Debug|x64.Build.0 = Debug|Any CPU
		{D06ABBAA-4820-4577-8B9F-5D6B2DE96293}.Release|Any CPU.ActiveCfg = Release|Any CPU
		{D06ABBAA-4820-4577-8B9F-5D6B2DE96293}.Release|Any CPU.Build.0 = Release|Any CPU
		{D06ABBAA-4820-4577-8B9F-5D6B2DE96293}.Release|x64.ActiveCfg = Release|Any CPU
		{D06ABBAA-4820-4577-8B9F-5D6B2DE96293}.Release|x64.Build.0 = Release|Any CPU
		{61DA1E60-A92A-4824-982D-0B05D63C2ECE}.Debug|Any CPU.ActiveCfg = Debug|Any CPU
		{61DA1E60-A92A-4824-982D-0B05D63C2ECE}.Debug|Any CPU.Build.0 = Debug|Any CPU
		{61DA1E60-A92A-4824-982D-0B05D63C2ECE}.Debug|x64.ActiveCfg = Debug|Any CPU
		{61DA1E60-A92A-4824-982D-0B05D63C2ECE}.Debug|x64.Build.0 = Debug|Any CPU
		{61DA1E60-A92A-4824-982D-0B05D63C2ECE}.Release|Any CPU.ActiveCfg = Release|Any CPU
		{61DA1E60-A92A-4824-982D-0B05D63C2ECE}.Release|Any CPU.Build.0 = Release|Any CPU
		{61DA1E60-A92A-4824-982D-0B05D63C2ECE}.Release|x64.ActiveCfg = Release|Any CPU
		{61DA1E60-A92A-4824-982D-0B05D63C2ECE}.Release|x64.Build.0 = Release|Any CPU
		{D9F5B8B1-01F5-4996-8E75-A41532CF32CD}.Debug|Any CPU.ActiveCfg = Debug|Any CPU
		{D9F5B8B1-01F5-4996-8E75-A41532CF32CD}.Debug|Any CPU.Build.0 = Debug|Any CPU
		{D9F5B8B1-01F5-4996-8E75-A41532CF32CD}.Debug|x64.ActiveCfg = Debug|Any CPU
		{D9F5B8B1-01F5-4996-8E75-A41532CF32CD}.Debug|x64.Build.0 = Debug|Any CPU
		{D9F5B8B1-01F5-4996-8E75-A41532CF32CD}.Release|Any CPU.ActiveCfg = Release|Any CPU
		{D9F5B8B1-01F5-4996-8E75-A41532CF32CD}.Release|Any CPU.Build.0 = Release|Any CPU
		{D9F5B8B1-01F5-4996-8E75-A41532CF32CD}.Release|x64.ActiveCfg = Release|Any CPU
		{D9F5B8B1-01F5-4996-8E75-A41532CF32CD}.Release|x64.Build.0 = Release|Any CPU
		{491B30A8-D4A1-42E8-8DEE-4093E0E45C36}.Debug|Any CPU.ActiveCfg = Debug|Any CPU
		{491B30A8-D4A1-42E8-8DEE-4093E0E45C36}.Debug|Any CPU.Build.0 = Debug|Any CPU
		{491B30A8-D4A1-42E8-8DEE-4093E0E45C36}.Debug|x64.ActiveCfg = Debug|Any CPU
		{491B30A8-D4A1-42E8-8DEE-4093E0E45C36}.Debug|x64.Build.0 = Debug|Any CPU
		{491B30A8-D4A1-42E8-8DEE-4093E0E45C36}.Release|Any CPU.ActiveCfg = Release|Any CPU
		{491B30A8-D4A1-42E8-8DEE-4093E0E45C36}.Release|Any CPU.Build.0 = Release|Any CPU
		{491B30A8-D4A1-42E8-8DEE-4093E0E45C36}.Release|x64.ActiveCfg = Release|Any CPU
		{491B30A8-D4A1-42E8-8DEE-4093E0E45C36}.Release|x64.Build.0 = Release|Any CPU
		{72F17B1A-88D9-47FD-AA35-1C700E51CD0E}.Debug|Any CPU.ActiveCfg = Debug|Any CPU
		{72F17B1A-88D9-47FD-AA35-1C700E51CD0E}.Debug|Any CPU.Build.0 = Debug|Any CPU
		{72F17B1A-88D9-47FD-AA35-1C700E51CD0E}.Debug|x64.ActiveCfg = Debug|Any CPU
		{72F17B1A-88D9-47FD-AA35-1C700E51CD0E}.Debug|x64.Build.0 = Debug|Any CPU
		{72F17B1A-88D9-47FD-AA35-1C700E51CD0E}.Release|Any CPU.ActiveCfg = Release|Any CPU
		{72F17B1A-88D9-47FD-AA35-1C700E51CD0E}.Release|Any CPU.Build.0 = Release|Any CPU
		{72F17B1A-88D9-47FD-AA35-1C700E51CD0E}.Release|x64.ActiveCfg = Release|Any CPU
		{72F17B1A-88D9-47FD-AA35-1C700E51CD0E}.Release|x64.Build.0 = Release|Any CPU
		{2FAECDE3-8D21-4C36-BFF1-3F7C1A56F0D4}.Debug|Any CPU.ActiveCfg = Debug|Any CPU
		{2FAECDE3-8D21-4C36-BFF1-3F7C1A56F0D4}.Debug|Any CPU.Build.0 = Debug|Any CPU
		{2FAECDE3-8D21-4C36-BFF1-3F7C1A56F0D4}.Debug|x64.ActiveCfg = Debug|Any CPU
		{2FAECDE3-8D21-4C36-BFF1-3F7C1A56F0D4}.Debug|x64.Build.0 = Debug|Any CPU
		{2FAECDE3-8D21-4C36-BFF1-3F7C1A56F0D4}.Release|Any CPU.ActiveCfg = Release|Any CPU
		{2FAECDE3-8D21-4C36-BFF1-3F7C1A56F0D4}.Release|Any CPU.Build.0 = Release|Any CPU
		{2FAECDE3-8D21-4C36-BFF1-3F7C1A56F0D4}.Release|x64.ActiveCfg = Release|Any CPU
		{2FAECDE3-8D21-4C36-BFF1-3F7C1A56F0D4}.Release|x64.Build.0 = Release|Any CPU
		{C360A0D5-1671-4738-BC5D-BED0E8A24D66}.Debug|Any CPU.ActiveCfg = Debug|Any CPU
		{C360A0D5-1671-4738-BC5D-BED0E8A24D66}.Debug|Any CPU.Build.0 = Debug|Any CPU
		{C360A0D5-1671-4738-BC5D-BED0E8A24D66}.Debug|x64.ActiveCfg = Debug|Any CPU
		{C360A0D5-1671-4738-BC5D-BED0E8A24D66}.Debug|x64.Build.0 = Debug|Any CPU
		{C360A0D5-1671-4738-BC5D-BED0E8A24D66}.Release|Any CPU.ActiveCfg = Release|Any CPU
		{C360A0D5-1671-4738-BC5D-BED0E8A24D66}.Release|Any CPU.Build.0 = Release|Any CPU
		{C360A0D5-1671-4738-BC5D-BED0E8A24D66}.Release|x64.ActiveCfg = Release|Any CPU
		{C360A0D5-1671-4738-BC5D-BED0E8A24D66}.Release|x64.Build.0 = Release|Any CPU
		{CA63CC7B-BE27-4737-AE91-42E43F729A1E}.Debug|Any CPU.ActiveCfg = Debug|Any CPU
		{CA63CC7B-BE27-4737-AE91-42E43F729A1E}.Debug|Any CPU.Build.0 = Debug|Any CPU
		{CA63CC7B-BE27-4737-AE91-42E43F729A1E}.Debug|x64.ActiveCfg = Debug|Any CPU
		{CA63CC7B-BE27-4737-AE91-42E43F729A1E}.Debug|x64.Build.0 = Debug|Any CPU
		{CA63CC7B-BE27-4737-AE91-42E43F729A1E}.Release|Any CPU.ActiveCfg = Release|Any CPU
		{CA63CC7B-BE27-4737-AE91-42E43F729A1E}.Release|Any CPU.Build.0 = Release|Any CPU
		{CA63CC7B-BE27-4737-AE91-42E43F729A1E}.Release|x64.ActiveCfg = Release|Any CPU
		{CA63CC7B-BE27-4737-AE91-42E43F729A1E}.Release|x64.Build.0 = Release|Any CPU
		{8F112368-2E45-4C3A-922E-85AB6056F559}.Debug|Any CPU.ActiveCfg = Debug|Any CPU
		{8F112368-2E45-4C3A-922E-85AB6056F559}.Debug|Any CPU.Build.0 = Debug|Any CPU
		{8F112368-2E45-4C3A-922E-85AB6056F559}.Debug|x64.ActiveCfg = Debug|Any CPU
		{8F112368-2E45-4C3A-922E-85AB6056F559}.Debug|x64.Build.0 = Debug|Any CPU
		{8F112368-2E45-4C3A-922E-85AB6056F559}.Release|Any CPU.ActiveCfg = Release|Any CPU
		{8F112368-2E45-4C3A-922E-85AB6056F559}.Release|Any CPU.Build.0 = Release|Any CPU
		{8F112368-2E45-4C3A-922E-85AB6056F559}.Release|x64.ActiveCfg = Release|Any CPU
		{8F112368-2E45-4C3A-922E-85AB6056F559}.Release|x64.Build.0 = Release|Any CPU
		{E18F8C70-7448-4039-9D78-1369D7F498EF}.Debug|Any CPU.ActiveCfg = Debug|Any CPU
		{E18F8C70-7448-4039-9D78-1369D7F498EF}.Debug|Any CPU.Build.0 = Debug|Any CPU
		{E18F8C70-7448-4039-9D78-1369D7F498EF}.Debug|x64.ActiveCfg = Debug|Any CPU
		{E18F8C70-7448-4039-9D78-1369D7F498EF}.Debug|x64.Build.0 = Debug|Any CPU
		{E18F8C70-7448-4039-9D78-1369D7F498EF}.Release|Any CPU.ActiveCfg = Release|Any CPU
		{E18F8C70-7448-4039-9D78-1369D7F498EF}.Release|Any CPU.Build.0 = Release|Any CPU
		{E18F8C70-7448-4039-9D78-1369D7F498EF}.Release|x64.ActiveCfg = Release|Any CPU
		{E18F8C70-7448-4039-9D78-1369D7F498EF}.Release|x64.Build.0 = Release|Any CPU
		{2DD3CB7D-462E-4039-B684-81B1E88C7C6A}.Debug|Any CPU.ActiveCfg = Debug|Any CPU
		{2DD3CB7D-462E-4039-B684-81B1E88C7C6A}.Debug|Any CPU.Build.0 = Debug|Any CPU
		{2DD3CB7D-462E-4039-B684-81B1E88C7C6A}.Debug|x64.ActiveCfg = Debug|Any CPU
		{2DD3CB7D-462E-4039-B684-81B1E88C7C6A}.Debug|x64.Build.0 = Debug|Any CPU
		{2DD3CB7D-462E-4039-B684-81B1E88C7C6A}.Release|Any CPU.ActiveCfg = Release|Any CPU
		{2DD3CB7D-462E-4039-B684-81B1E88C7C6A}.Release|Any CPU.Build.0 = Release|Any CPU
		{2DD3CB7D-462E-4039-B684-81B1E88C7C6A}.Release|x64.ActiveCfg = Release|Any CPU
		{2DD3CB7D-462E-4039-B684-81B1E88C7C6A}.Release|x64.Build.0 = Release|Any CPU
		{F817047F-018D-4F93-BDA5-58602073B634}.Debug|Any CPU.ActiveCfg = Debug|Any CPU
		{F817047F-018D-4F93-BDA5-58602073B634}.Debug|Any CPU.Build.0 = Debug|Any CPU
		{F817047F-018D-4F93-BDA5-58602073B634}.Debug|x64.ActiveCfg = Debug|Any CPU
		{F817047F-018D-4F93-BDA5-58602073B634}.Debug|x64.Build.0 = Debug|Any CPU
		{F817047F-018D-4F93-BDA5-58602073B634}.Release|Any CPU.ActiveCfg = Release|Any CPU
		{F817047F-018D-4F93-BDA5-58602073B634}.Release|Any CPU.Build.0 = Release|Any CPU
		{F817047F-018D-4F93-BDA5-58602073B634}.Release|x64.ActiveCfg = Release|Any CPU
		{F817047F-018D-4F93-BDA5-58602073B634}.Release|x64.Build.0 = Release|Any CPU
		{8230366D-81F9-4FA5-8F5D-8546B527F54F}.Debug|Any CPU.ActiveCfg = Debug|Any CPU
		{8230366D-81F9-4FA5-8F5D-8546B527F54F}.Debug|Any CPU.Build.0 = Debug|Any CPU
		{8230366D-81F9-4FA5-8F5D-8546B527F54F}.Debug|x64.ActiveCfg = Debug|Any CPU
		{8230366D-81F9-4FA5-8F5D-8546B527F54F}.Debug|x64.Build.0 = Debug|Any CPU
		{8230366D-81F9-4FA5-8F5D-8546B527F54F}.Release|Any CPU.ActiveCfg = Release|Any CPU
		{8230366D-81F9-4FA5-8F5D-8546B527F54F}.Release|Any CPU.Build.0 = Release|Any CPU
		{8230366D-81F9-4FA5-8F5D-8546B527F54F}.Release|x64.ActiveCfg = Release|Any CPU
		{8230366D-81F9-4FA5-8F5D-8546B527F54F}.Release|x64.Build.0 = Release|Any CPU
		{3ECDC91E-0D3E-4E4D-A34E-D33BB714578D}.Debug|Any CPU.ActiveCfg = Debug|Any CPU
		{3ECDC91E-0D3E-4E4D-A34E-D33BB714578D}.Debug|Any CPU.Build.0 = Debug|Any CPU
		{3ECDC91E-0D3E-4E4D-A34E-D33BB714578D}.Debug|x64.ActiveCfg = Debug|Any CPU
		{3ECDC91E-0D3E-4E4D-A34E-D33BB714578D}.Debug|x64.Build.0 = Debug|Any CPU
		{3ECDC91E-0D3E-4E4D-A34E-D33BB714578D}.Release|Any CPU.ActiveCfg = Release|Any CPU
		{3ECDC91E-0D3E-4E4D-A34E-D33BB714578D}.Release|Any CPU.Build.0 = Release|Any CPU
		{3ECDC91E-0D3E-4E4D-A34E-D33BB714578D}.Release|x64.ActiveCfg = Release|Any CPU
		{3ECDC91E-0D3E-4E4D-A34E-D33BB714578D}.Release|x64.Build.0 = Release|Any CPU
		{0A8A0DB7-0509-4DFB-9201-74398511B481}.Debug|Any CPU.ActiveCfg = Debug|Any CPU
		{0A8A0DB7-0509-4DFB-9201-74398511B481}.Debug|Any CPU.Build.0 = Debug|Any CPU
		{0A8A0DB7-0509-4DFB-9201-74398511B481}.Debug|x64.ActiveCfg = Debug|Any CPU
		{0A8A0DB7-0509-4DFB-9201-74398511B481}.Debug|x64.Build.0 = Debug|Any CPU
		{0A8A0DB7-0509-4DFB-9201-74398511B481}.Release|Any CPU.ActiveCfg = Release|Any CPU
		{0A8A0DB7-0509-4DFB-9201-74398511B481}.Release|Any CPU.Build.0 = Release|Any CPU
		{0A8A0DB7-0509-4DFB-9201-74398511B481}.Release|x64.ActiveCfg = Release|Any CPU
		{0A8A0DB7-0509-4DFB-9201-74398511B481}.Release|x64.Build.0 = Release|Any CPU
		{61B285F0-EE06-4AEE-AAF3-71492CBD11C5}.Debug|Any CPU.ActiveCfg = Debug|Any CPU
		{61B285F0-EE06-4AEE-AAF3-71492CBD11C5}.Debug|Any CPU.Build.0 = Debug|Any CPU
		{61B285F0-EE06-4AEE-AAF3-71492CBD11C5}.Debug|x64.ActiveCfg = Debug|Any CPU
		{61B285F0-EE06-4AEE-AAF3-71492CBD11C5}.Debug|x64.Build.0 = Debug|Any CPU
		{61B285F0-EE06-4AEE-AAF3-71492CBD11C5}.Release|Any CPU.ActiveCfg = Release|Any CPU
		{61B285F0-EE06-4AEE-AAF3-71492CBD11C5}.Release|Any CPU.Build.0 = Release|Any CPU
		{61B285F0-EE06-4AEE-AAF3-71492CBD11C5}.Release|x64.ActiveCfg = Release|Any CPU
		{61B285F0-EE06-4AEE-AAF3-71492CBD11C5}.Release|x64.Build.0 = Release|Any CPU
		{6DD24C2C-0FB5-4C37-8B42-5DACA0FDE4EC}.Debug|Any CPU.ActiveCfg = Debug|Any CPU
		{6DD24C2C-0FB5-4C37-8B42-5DACA0FDE4EC}.Debug|Any CPU.Build.0 = Debug|Any CPU
		{6DD24C2C-0FB5-4C37-8B42-5DACA0FDE4EC}.Debug|x64.ActiveCfg = Debug|Any CPU
		{6DD24C2C-0FB5-4C37-8B42-5DACA0FDE4EC}.Debug|x64.Build.0 = Debug|Any CPU
		{6DD24C2C-0FB5-4C37-8B42-5DACA0FDE4EC}.Release|Any CPU.ActiveCfg = Release|Any CPU
		{6DD24C2C-0FB5-4C37-8B42-5DACA0FDE4EC}.Release|Any CPU.Build.0 = Release|Any CPU
		{6DD24C2C-0FB5-4C37-8B42-5DACA0FDE4EC}.Release|x64.ActiveCfg = Release|Any CPU
		{6DD24C2C-0FB5-4C37-8B42-5DACA0FDE4EC}.Release|x64.Build.0 = Release|Any CPU
		{45FB23BE-A7F9-4172-8868-B5E387007644}.Debug|Any CPU.ActiveCfg = Debug|Any CPU
		{45FB23BE-A7F9-4172-8868-B5E387007644}.Debug|Any CPU.Build.0 = Debug|Any CPU
		{45FB23BE-A7F9-4172-8868-B5E387007644}.Debug|x64.ActiveCfg = Debug|Any CPU
		{45FB23BE-A7F9-4172-8868-B5E387007644}.Debug|x64.Build.0 = Debug|Any CPU
		{45FB23BE-A7F9-4172-8868-B5E387007644}.Release|Any CPU.ActiveCfg = Release|Any CPU
		{45FB23BE-A7F9-4172-8868-B5E387007644}.Release|Any CPU.Build.0 = Release|Any CPU
		{45FB23BE-A7F9-4172-8868-B5E387007644}.Release|x64.ActiveCfg = Release|Any CPU
		{45FB23BE-A7F9-4172-8868-B5E387007644}.Release|x64.Build.0 = Release|Any CPU
		{D49A2D61-AEEB-457C-B3BA-D1322EB2F4EC}.Debug|Any CPU.ActiveCfg = Debug|Any CPU
		{D49A2D61-AEEB-457C-B3BA-D1322EB2F4EC}.Debug|Any CPU.Build.0 = Debug|Any CPU
		{D49A2D61-AEEB-457C-B3BA-D1322EB2F4EC}.Debug|x64.ActiveCfg = Debug|Any CPU
		{D49A2D61-AEEB-457C-B3BA-D1322EB2F4EC}.Debug|x64.Build.0 = Debug|Any CPU
		{D49A2D61-AEEB-457C-B3BA-D1322EB2F4EC}.Release|Any CPU.ActiveCfg = Release|Any CPU
		{D49A2D61-AEEB-457C-B3BA-D1322EB2F4EC}.Release|Any CPU.Build.0 = Release|Any CPU
		{D49A2D61-AEEB-457C-B3BA-D1322EB2F4EC}.Release|x64.ActiveCfg = Release|Any CPU
		{D49A2D61-AEEB-457C-B3BA-D1322EB2F4EC}.Release|x64.Build.0 = Release|Any CPU
		{9FE1FA3C-7C50-432C-A8D9-60CFF6B37F48}.Debug|Any CPU.ActiveCfg = Debug|Any CPU
		{9FE1FA3C-7C50-432C-A8D9-60CFF6B37F48}.Debug|Any CPU.Build.0 = Debug|Any CPU
		{9FE1FA3C-7C50-432C-A8D9-60CFF6B37F48}.Debug|x64.ActiveCfg = Debug|Any CPU
		{9FE1FA3C-7C50-432C-A8D9-60CFF6B37F48}.Debug|x64.Build.0 = Debug|Any CPU
		{9FE1FA3C-7C50-432C-A8D9-60CFF6B37F48}.Release|Any CPU.ActiveCfg = Release|Any CPU
		{9FE1FA3C-7C50-432C-A8D9-60CFF6B37F48}.Release|Any CPU.Build.0 = Release|Any CPU
		{9FE1FA3C-7C50-432C-A8D9-60CFF6B37F48}.Release|x64.ActiveCfg = Release|Any CPU
		{9FE1FA3C-7C50-432C-A8D9-60CFF6B37F48}.Release|x64.Build.0 = Release|Any CPU
		{DC502BDC-B9CD-4263-8E2F-B6C21A68829F}.Debug|Any CPU.ActiveCfg = Debug|Any CPU
		{DC502BDC-B9CD-4263-8E2F-B6C21A68829F}.Debug|Any CPU.Build.0 = Debug|Any CPU
		{DC502BDC-B9CD-4263-8E2F-B6C21A68829F}.Debug|x64.ActiveCfg = Debug|Any CPU
		{DC502BDC-B9CD-4263-8E2F-B6C21A68829F}.Debug|x64.Build.0 = Debug|Any CPU
		{DC502BDC-B9CD-4263-8E2F-B6C21A68829F}.Release|Any CPU.ActiveCfg = Release|Any CPU
		{DC502BDC-B9CD-4263-8E2F-B6C21A68829F}.Release|Any CPU.Build.0 = Release|Any CPU
		{DC502BDC-B9CD-4263-8E2F-B6C21A68829F}.Release|x64.ActiveCfg = Release|Any CPU
		{DC502BDC-B9CD-4263-8E2F-B6C21A68829F}.Release|x64.Build.0 = Release|Any CPU
		{3AD367A6-F8D1-45AF-A4AB-A7C8ACE0609C}.Debug|Any CPU.ActiveCfg = Debug|Any CPU
		{3AD367A6-F8D1-45AF-A4AB-A7C8ACE0609C}.Debug|Any CPU.Build.0 = Debug|Any CPU
		{3AD367A6-F8D1-45AF-A4AB-A7C8ACE0609C}.Debug|x64.ActiveCfg = Debug|Any CPU
		{3AD367A6-F8D1-45AF-A4AB-A7C8ACE0609C}.Debug|x64.Build.0 = Debug|Any CPU
		{3AD367A6-F8D1-45AF-A4AB-A7C8ACE0609C}.Release|Any CPU.ActiveCfg = Release|Any CPU
		{3AD367A6-F8D1-45AF-A4AB-A7C8ACE0609C}.Release|Any CPU.Build.0 = Release|Any CPU
		{3AD367A6-F8D1-45AF-A4AB-A7C8ACE0609C}.Release|x64.ActiveCfg = Release|Any CPU
		{3AD367A6-F8D1-45AF-A4AB-A7C8ACE0609C}.Release|x64.Build.0 = Release|Any CPU
		{2ADCAA3F-937B-4CA3-908B-734492D3BB97}.Debug|Any CPU.ActiveCfg = Debug|Any CPU
		{2ADCAA3F-937B-4CA3-908B-734492D3BB97}.Debug|Any CPU.Build.0 = Debug|Any CPU
		{2ADCAA3F-937B-4CA3-908B-734492D3BB97}.Debug|x64.ActiveCfg = Debug|Any CPU
		{2ADCAA3F-937B-4CA3-908B-734492D3BB97}.Debug|x64.Build.0 = Debug|Any CPU
		{2ADCAA3F-937B-4CA3-908B-734492D3BB97}.Release|Any CPU.ActiveCfg = Release|Any CPU
		{2ADCAA3F-937B-4CA3-908B-734492D3BB97}.Release|Any CPU.Build.0 = Release|Any CPU
		{2ADCAA3F-937B-4CA3-908B-734492D3BB97}.Release|x64.ActiveCfg = Release|Any CPU
		{2ADCAA3F-937B-4CA3-908B-734492D3BB97}.Release|x64.Build.0 = Release|Any CPU
		{6E5A7E09-31A6-4D37-828F-10FC35AEDCEE}.Debug|Any CPU.ActiveCfg = Debug|Any CPU
		{6E5A7E09-31A6-4D37-828F-10FC35AEDCEE}.Debug|Any CPU.Build.0 = Debug|Any CPU
		{6E5A7E09-31A6-4D37-828F-10FC35AEDCEE}.Debug|x64.ActiveCfg = Debug|Any CPU
		{6E5A7E09-31A6-4D37-828F-10FC35AEDCEE}.Debug|x64.Build.0 = Debug|Any CPU
		{6E5A7E09-31A6-4D37-828F-10FC35AEDCEE}.Release|Any CPU.ActiveCfg = Release|Any CPU
		{6E5A7E09-31A6-4D37-828F-10FC35AEDCEE}.Release|Any CPU.Build.0 = Release|Any CPU
		{6E5A7E09-31A6-4D37-828F-10FC35AEDCEE}.Release|x64.ActiveCfg = Release|Any CPU
		{6E5A7E09-31A6-4D37-828F-10FC35AEDCEE}.Release|x64.Build.0 = Release|Any CPU
		{8881DAC6-8C33-450A-B5C4-8D45C51F9ECE}.Debug|Any CPU.ActiveCfg = Debug|Any CPU
		{8881DAC6-8C33-450A-B5C4-8D45C51F9ECE}.Debug|Any CPU.Build.0 = Debug|Any CPU
		{8881DAC6-8C33-450A-B5C4-8D45C51F9ECE}.Debug|x64.ActiveCfg = Debug|Any CPU
		{8881DAC6-8C33-450A-B5C4-8D45C51F9ECE}.Debug|x64.Build.0 = Debug|Any CPU
		{8881DAC6-8C33-450A-B5C4-8D45C51F9ECE}.Release|Any CPU.ActiveCfg = Release|Any CPU
		{8881DAC6-8C33-450A-B5C4-8D45C51F9ECE}.Release|Any CPU.Build.0 = Release|Any CPU
		{8881DAC6-8C33-450A-B5C4-8D45C51F9ECE}.Release|x64.ActiveCfg = Release|Any CPU
		{8881DAC6-8C33-450A-B5C4-8D45C51F9ECE}.Release|x64.Build.0 = Release|Any CPU
		{A77D1EFB-C2EF-4D9B-9EA9-BC83F6B560FA}.Debug|Any CPU.ActiveCfg = Debug|Any CPU
		{A77D1EFB-C2EF-4D9B-9EA9-BC83F6B560FA}.Debug|Any CPU.Build.0 = Debug|Any CPU
		{A77D1EFB-C2EF-4D9B-9EA9-BC83F6B560FA}.Debug|x64.ActiveCfg = Debug|Any CPU
		{A77D1EFB-C2EF-4D9B-9EA9-BC83F6B560FA}.Debug|x64.Build.0 = Debug|Any CPU
		{A77D1EFB-C2EF-4D9B-9EA9-BC83F6B560FA}.Release|Any CPU.ActiveCfg = Release|Any CPU
		{A77D1EFB-C2EF-4D9B-9EA9-BC83F6B560FA}.Release|Any CPU.Build.0 = Release|Any CPU
		{A77D1EFB-C2EF-4D9B-9EA9-BC83F6B560FA}.Release|x64.ActiveCfg = Release|Any CPU
		{A77D1EFB-C2EF-4D9B-9EA9-BC83F6B560FA}.Release|x64.Build.0 = Release|Any CPU
		{A4B0EE89-0A45-4C5D-8CB4-3866D59B03C6}.Debug|Any CPU.ActiveCfg = Debug|Any CPU
		{A4B0EE89-0A45-4C5D-8CB4-3866D59B03C6}.Debug|Any CPU.Build.0 = Debug|Any CPU
		{A4B0EE89-0A45-4C5D-8CB4-3866D59B03C6}.Debug|x64.ActiveCfg = Debug|Any CPU
		{A4B0EE89-0A45-4C5D-8CB4-3866D59B03C6}.Debug|x64.Build.0 = Debug|Any CPU
		{A4B0EE89-0A45-4C5D-8CB4-3866D59B03C6}.Release|Any CPU.ActiveCfg = Release|Any CPU
		{A4B0EE89-0A45-4C5D-8CB4-3866D59B03C6}.Release|Any CPU.Build.0 = Release|Any CPU
		{A4B0EE89-0A45-4C5D-8CB4-3866D59B03C6}.Release|x64.ActiveCfg = Release|Any CPU
		{A4B0EE89-0A45-4C5D-8CB4-3866D59B03C6}.Release|x64.Build.0 = Release|Any CPU
		{A3B95A62-95D5-4673-86F3-D902EF061795}.Debug|Any CPU.ActiveCfg = Debug|Any CPU
		{A3B95A62-95D5-4673-86F3-D902EF061795}.Debug|Any CPU.Build.0 = Debug|Any CPU
		{A3B95A62-95D5-4673-86F3-D902EF061795}.Debug|x64.ActiveCfg = Debug|Any CPU
		{A3B95A62-95D5-4673-86F3-D902EF061795}.Debug|x64.Build.0 = Debug|Any CPU
		{A3B95A62-95D5-4673-86F3-D902EF061795}.Release|Any CPU.ActiveCfg = Release|Any CPU
		{A3B95A62-95D5-4673-86F3-D902EF061795}.Release|Any CPU.Build.0 = Release|Any CPU
		{A3B95A62-95D5-4673-86F3-D902EF061795}.Release|x64.ActiveCfg = Release|Any CPU
		{A3B95A62-95D5-4673-86F3-D902EF061795}.Release|x64.Build.0 = Release|Any CPU
		{67B08AA7-F2A5-47FE-8CE5-BC6FAE7464B9}.Debug|Any CPU.ActiveCfg = Debug|Any CPU
		{67B08AA7-F2A5-47FE-8CE5-BC6FAE7464B9}.Debug|Any CPU.Build.0 = Debug|Any CPU
		{67B08AA7-F2A5-47FE-8CE5-BC6FAE7464B9}.Debug|x64.ActiveCfg = Debug|Any CPU
		{67B08AA7-F2A5-47FE-8CE5-BC6FAE7464B9}.Debug|x64.Build.0 = Debug|Any CPU
		{67B08AA7-F2A5-47FE-8CE5-BC6FAE7464B9}.Release|Any CPU.ActiveCfg = Release|Any CPU
		{67B08AA7-F2A5-47FE-8CE5-BC6FAE7464B9}.Release|Any CPU.Build.0 = Release|Any CPU
		{67B08AA7-F2A5-47FE-8CE5-BC6FAE7464B9}.Release|x64.ActiveCfg = Release|Any CPU
		{67B08AA7-F2A5-47FE-8CE5-BC6FAE7464B9}.Release|x64.Build.0 = Release|Any CPU
		{483CD900-09E1-48B3-AE94-6AABFB1814AC}.Debug|Any CPU.ActiveCfg = Debug|Any CPU
		{483CD900-09E1-48B3-AE94-6AABFB1814AC}.Debug|Any CPU.Build.0 = Debug|Any CPU
		{483CD900-09E1-48B3-AE94-6AABFB1814AC}.Debug|x64.ActiveCfg = Debug|Any CPU
		{483CD900-09E1-48B3-AE94-6AABFB1814AC}.Debug|x64.Build.0 = Debug|Any CPU
		{483CD900-09E1-48B3-AE94-6AABFB1814AC}.Release|Any CPU.ActiveCfg = Release|Any CPU
		{483CD900-09E1-48B3-AE94-6AABFB1814AC}.Release|Any CPU.Build.0 = Release|Any CPU
		{483CD900-09E1-48B3-AE94-6AABFB1814AC}.Release|x64.ActiveCfg = Release|Any CPU
		{483CD900-09E1-48B3-AE94-6AABFB1814AC}.Release|x64.Build.0 = Release|Any CPU
		{2C51CBFF-FE03-4B17-BC39-64AE37BAFCBA}.Debug|Any CPU.ActiveCfg = Debug|Any CPU
		{2C51CBFF-FE03-4B17-BC39-64AE37BAFCBA}.Debug|Any CPU.Build.0 = Debug|Any CPU
		{2C51CBFF-FE03-4B17-BC39-64AE37BAFCBA}.Debug|x64.ActiveCfg = Debug|Any CPU
		{2C51CBFF-FE03-4B17-BC39-64AE37BAFCBA}.Debug|x64.Build.0 = Debug|Any CPU
		{2C51CBFF-FE03-4B17-BC39-64AE37BAFCBA}.Release|Any CPU.ActiveCfg = Release|Any CPU
		{2C51CBFF-FE03-4B17-BC39-64AE37BAFCBA}.Release|Any CPU.Build.0 = Release|Any CPU
		{2C51CBFF-FE03-4B17-BC39-64AE37BAFCBA}.Release|x64.ActiveCfg = Release|Any CPU
		{2C51CBFF-FE03-4B17-BC39-64AE37BAFCBA}.Release|x64.Build.0 = Release|Any CPU
	EndGlobalSection
	GlobalSection(SolutionProperties) = preSolution
		HideSolutionNode = FALSE
	EndGlobalSection
	GlobalSection(NestedProjects) = preSolution
		{5186B660-A88F-448F-BF00-A096C2FE921D} = {E7586BF7-B49D-458B-8735-270A551C9E4D}
		{A5F32BC0-55E3-4CEB-83E4-5B5973760BE0} = {A5184BFB-B461-4C2B-8C41-61A674BC7DA8}
		{D06ABBAA-4820-4577-8B9F-5D6B2DE96293} = {DE9DF274-44B7-4B55-AF40-A2C4C004C9A0}
		{61DA1E60-A92A-4824-982D-0B05D63C2ECE} = {DE9DF274-44B7-4B55-AF40-A2C4C004C9A0}
		{63D44665-AC4C-45F4-A2C7-A7DB394F44C4} = {EA04D4EF-078C-4C49-800D-EAA1E77428FC}
		{D9F5B8B1-01F5-4996-8E75-A41532CF32CD} = {2A514C8F-6A53-41CA-AB41-B644E7BC92A7}
		{491B30A8-D4A1-42E8-8DEE-4093E0E45C36} = {EE588CE5-51D0-4E98-A2B3-40EC8E655931}
		{72F17B1A-88D9-47FD-AA35-1C700E51CD0E} = {63D44665-AC4C-45F4-A2C7-A7DB394F44C4}
		{2FAECDE3-8D21-4C36-BFF1-3F7C1A56F0D4} = {2A514C8F-6A53-41CA-AB41-B644E7BC92A7}
		{C360A0D5-1671-4738-BC5D-BED0E8A24D66} = {EE588CE5-51D0-4E98-A2B3-40EC8E655931}
		{CA63CC7B-BE27-4737-AE91-42E43F729A1E} = {EE588CE5-51D0-4E98-A2B3-40EC8E655931}
		{8F112368-2E45-4C3A-922E-85AB6056F559} = {593DD628-99F1-4F09-B9F1-D99316ABED37}
		{E18F8C70-7448-4039-9D78-1369D7F498EF} = {2A514C8F-6A53-41CA-AB41-B644E7BC92A7}
		{2DD3CB7D-462E-4039-B684-81B1E88C7C6A} = {2A514C8F-6A53-41CA-AB41-B644E7BC92A7}
		{F817047F-018D-4F93-BDA5-58602073B634} = {EA04D4EF-078C-4C49-800D-EAA1E77428FC}
		{8230366D-81F9-4FA5-8F5D-8546B527F54F} = {2A514C8F-6A53-41CA-AB41-B644E7BC92A7}
		{3ECDC91E-0D3E-4E4D-A34E-D33BB714578D} = {2A514C8F-6A53-41CA-AB41-B644E7BC92A7}
		{2A514C8F-6A53-41CA-AB41-B644E7BC92A7} = {593DD628-99F1-4F09-B9F1-D99316ABED37}
		{EE588CE5-51D0-4E98-A2B3-40EC8E655931} = {593DD628-99F1-4F09-B9F1-D99316ABED37}
		{0A8A0DB7-0509-4DFB-9201-74398511B481} = {2A514C8F-6A53-41CA-AB41-B644E7BC92A7}
		{61B285F0-EE06-4AEE-AAF3-71492CBD11C5} = {23F6D6A6-7BD7-463E-9151-000C71B6CAC9}
		{6DD24C2C-0FB5-4C37-8B42-5DACA0FDE4EC} = {593DD628-99F1-4F09-B9F1-D99316ABED37}
		{45FB23BE-A7F9-4172-8868-B5E387007644} = {2A514C8F-6A53-41CA-AB41-B644E7BC92A7}
		{D49A2D61-AEEB-457C-B3BA-D1322EB2F4EC} = {23F6D6A6-7BD7-463E-9151-000C71B6CAC9}
		{50C501F4-E9F0-48E9-8C84-C13DD0E52797} = {EA04D4EF-078C-4C49-800D-EAA1E77428FC}
		{9FE1FA3C-7C50-432C-A8D9-60CFF6B37F48} = {50C501F4-E9F0-48E9-8C84-C13DD0E52797}
		{DC502BDC-B9CD-4263-8E2F-B6C21A68829F} = {50C501F4-E9F0-48E9-8C84-C13DD0E52797}
		{3AD367A6-F8D1-45AF-A4AB-A7C8ACE0609C} = {50C501F4-E9F0-48E9-8C84-C13DD0E52797}
		{2ADCAA3F-937B-4CA3-908B-734492D3BB97} = {593DD628-99F1-4F09-B9F1-D99316ABED37}
		{593DD628-99F1-4F09-B9F1-D99316ABED37} = {EA04D4EF-078C-4C49-800D-EAA1E77428FC}
		{23F6D6A6-7BD7-463E-9151-000C71B6CAC9} = {EA04D4EF-078C-4C49-800D-EAA1E77428FC}
		{6E5A7E09-31A6-4D37-828F-10FC35AEDCEE} = {E7586BF7-B49D-458B-8735-270A551C9E4D}
		{8881DAC6-8C33-450A-B5C4-8D45C51F9ECE} = {E7586BF7-B49D-458B-8735-270A551C9E4D}
		{A77D1EFB-C2EF-4D9B-9EA9-BC83F6B560FA} = {9C6CD2A3-03DC-4820-AB20-5D8047B3291E}
		{A4B0EE89-0A45-4C5D-8CB4-3866D59B03C6} = {9C6CD2A3-03DC-4820-AB20-5D8047B3291E}
		{A3B95A62-95D5-4673-86F3-D902EF061795} = {945259D8-8139-4006-BC6D-5AEF6296673F}
		{67B08AA7-F2A5-47FE-8CE5-BC6FAE7464B9} = {A5184BFB-B461-4C2B-8C41-61A674BC7DA8}
		{483CD900-09E1-48B3-AE94-6AABFB1814AC} = {A5184BFB-B461-4C2B-8C41-61A674BC7DA8}
		{2C51CBFF-FE03-4B17-BC39-64AE37BAFCBA} = {A5184BFB-B461-4C2B-8C41-61A674BC7DA8}
	EndGlobalSection
	GlobalSection(ExtensibilityGlobals) = postSolution
		SolutionGuid = {6E1DFCD7-FBE2-4D16-AA3D-9E07F97D7315}
	EndGlobalSection
EndGlobal
